lockfileVersion: '9.0'

settings:
  autoInstallPeers: true
  excludeLinksFromLockfile: false

importers:

  .:
    dependencies:
      fake-stock-market-generator:
        specifier: ^1.0.3
        version: 1.0.3
      ws:
        specifier: ^7.2.1
        version: 7.5.10

packages:

  fake-stock-market-generator@1.0.3:
    resolution: {integrity: sha512-dhJNyvizi0KqlynLIco4ie+Jaa4h2+/gM8BSDX1TnSH/KrQgvlVqMWY908pvlifWCz1c/NzOJKYUTsFqGHdhCA==}

  faker@4.1.0:
    resolution: {integrity: sha512-ILKg69P6y/D8/wSmDXw35Ly0re8QzQ8pMfBCflsGiZG2ZjMUNLYNexA6lz5pkmJlepVdsiDFUxYAzPQ9/+iGLA==}

  ws@7.5.10:
    resolution: {integrity: sha512-+dbF1tHwZpXcbOJdVOkzLDxZP1ailvSxM6ZweXTegylPny803bFhA+vqBYw4s31NSAk4S2Qz+AKXK9a4wkdjcQ==}
    engines: {node: '>=8.3.0'}
    peerDependencies:
      bufferutil: ^4.0.1
      utf-8-validate: ^5.0.2
    peerDependenciesMeta:
      bufferutil:
        optional: true
      utf-8-validate:
        optional: true

snapshots:

  fake-stock-market-generator@1.0.3:
    dependencies:
      faker: 4.1.0

  faker@4.1.0: {}

  ws@7.5.10: {}
